// !$*UTF8*$!
{
	archiveVersion = 1;
	classes = {
	};
	objectVersion = 46;
	objects = {

/* Begin PBXBuildFile section */
		C32774061D7028A40020ACA0 /* main.m in Sources */ = {isa = PBXBuildFile; fileRef = C32774051D7028A40020ACA0 /* main.m */; };
		C32774091D7028A40020ACA0 /* AppDelegate.m in Sources */ = {isa = PBXBuildFile; fileRef = C32774081D7028A40020ACA0 /* AppDelegate.m */; };
		C327740C1D7028A40020ACA0 /* ViewController.m in Sources */ = {isa = PBXBuildFile; fileRef = C327740B1D7028A40020ACA0 /* ViewController.m */; };
		C327740F1D7028A40020ACA0 /* Main.storyboard in Resources */ = {isa = PBXBuildFile; fileRef = C327740D1D7028A40020ACA0 /* Main.storyboard */; };
		C32774111D7028A40020ACA0 /* Assets.xcassets in Resources */ = {isa = PBXBuildFile; fileRef = C32774101D7028A40020ACA0 /* Assets.xcassets */; };
		C32774141D7028A40020ACA0 /* LaunchScreen.storyboard in Resources */ = {isa = PBXBuildFile; fileRef = C32774121D7028A40020ACA0 /* LaunchScreen.storyboard */; };
		C327742D1D7041110020ACA0 /* CYGuidanceView.m in Sources */ = {isa = PBXBuildFile; fileRef = C327742A1D7041110020ACA0 /* CYGuidanceView.m */; };
		C327742E1D7041110020ACA0 /* GuideInfo.m in Sources */ = {isa = PBXBuildFile; fileRef = C327742C1D7041110020ACA0 /* GuideInfo.m */; };
/* End PBXBuildFile section */

/* Begin PBXFileReference section */
		C32774011D7028A40020ACA0 /* CYGuidanceView-master.app */ = {isa = PBXFileReference; explicitFileType = wrapper.application; includeInIndex = 0; path = "CYGuidanceView-master.app"; sourceTree = BUILT_PRODUCTS_DIR; };
		C32774051D7028A40020ACA0 /* main.m */ = {isa = PBXFileReference; lastKnownFileType = sourcecode.c.objc; path = main.m; sourceTree = "<group>"; };
		C32774071D7028A40020ACA0 /* AppDelegate.h */ = {isa = PBXFileReference; lastKnownFileType = sourcecode.c.h; path = AppDelegate.h; sourceTree = "<group>"; };
		C32774081D7028A40020ACA0 /* AppDelegate.m */ = {isa = PBXFileReference; lastKnownFileType = sourcecode.c.objc; path = AppDelegate.m; sourceTree = "<group>"; };
		C327740A1D7028A40020ACA0 /* ViewController.h */ = {isa = PBXFileReference; lastKnownFileType = sourcecode.c.h; path = ViewController.h; sourceTree = "<group>"; };
		C327740B1D7028A40020ACA0 /* ViewController.m */ = {isa = PBXFileReference; lastKnownFileType = sourcecode.c.objc; path = ViewController.m; sourceTree = "<group>"; };
		C327740E1D7028A40020ACA0 /* Base */ = {isa = PBXFileReference; lastKnownFileType = file.storyboard; name = Base; path = Base.lproj/Main.storyboard; sourceTree = "<group>"; };
		C32774101D7028A40020ACA0 /* Assets.xcassets */ = {isa = PBXFileReference; lastKnownFileType = folder.assetcatalog; path = Assets.xcassets; sourceTree = "<group>"; };
		C32774131D7028A40020ACA0 /* Base */ = {isa = PBXFileReference; lastKnownFileType = file.storyboard; name = Base; path = Base.lproj/LaunchScreen.storyboard; sourceTree = "<group>"; };
		C32774151D7028A40020ACA0 /* Info.plist */ = {isa = PBXFileReference; lastKnownFileType = text.plist.xml; path = Info.plist; sourceTree = "<group>"; };
		C32774291D7041110020ACA0 /* CYGuidanceView.h */ = {isa = PBXFileReference; fileEncoding = 4; lastKnownFileType = sourcecode.c.h; path = CYGuidanceView.h; sourceTree = "<group>"; };
		C327742A1D7041110020ACA0 /* CYGuidanceView.m */ = {isa = PBXFileReference; fileEncoding = 4; lastKnownFileType = sourcecode.c.objc; path = CYGuidanceView.m; sourceTree = "<group>"; };
		C327742B1D7041110020ACA0 /* GuideInfo.h */ = {isa = PBXFileReference; fileEncoding = 4; lastKnownFileType = sourcecode.c.h; path = GuideInfo.h; sourceTree = "<group>"; };
		C327742C1D7041110020ACA0 /* GuideInfo.m */ = {isa = PBXFileReference; fileEncoding = 4; lastKnownFileType = sourcecode.c.objc; path = GuideInfo.m; sourceTree = "<group>"; };
/* End PBXFileReference section */

/* Begin PBXFrameworksBuildPhase section */
		C32773FE1D7028A40020ACA0 /* Frameworks */ = {
			isa = PBXFrameworksBuildPhase;
			buildActionMask = 2147483647;
			files = (
			);
			runOnlyForDeploymentPostprocessing = 0;
		};
/* End PBXFrameworksBuildPhase section */

/* Begin PBXGroup section */
		C32773F81D7028A40020ACA0 = {
			isa = PBXGroup;
			children = (
				C32774281D7041110020ACA0 /* CYGuidanceView */,
				C32774031D7028A40020ACA0 /* CYGuidanceView-master */,
				C32774021D7028A40020ACA0 /* Products */,
			);
			sourceTree = "<group>";
		};
		C32774021D7028A40020ACA0 /* Products */ = {
			isa = PBXGroup;
			children = (
				C32774011D7028A40020ACA0 /* CYGuidanceView-master.app */,
			);
			name = Products;
			sourceTree = "<group>";
		};
		C32774031D7028A40020ACA0 /* CYGuidanceView-master */ = {
			isa = PBXGroup;
			children = (
				C32774071D7028A40020ACA0 /* AppDelegate.h */,
				C32774081D7028A40020ACA0 /* AppDelegate.m */,
				C327740A1D7028A40020ACA0 /* ViewController.h */,
				C327740B1D7028A40020ACA0 /* ViewController.m */,
				C327740D1D7028A40020ACA0 /* Main.storyboard */,
				C32774101D7028A40020ACA0 /* Assets.xcassets */,
				C32774121D7028A40020ACA0 /* LaunchScreen.storyboard */,
				C32774151D7028A40020ACA0 /* Info.plist */,
				C32774041D7028A40020ACA0 /* Supporting Files */,
			);
			path = "CYGuidanceView-master";
			sourceTree = "<group>";
		};
		C32774041D7028A40020ACA0 /* Supporting Files */ = {
			isa = PBXGroup;
			children = (
				C32774051D7028A40020ACA0 /* main.m */,
			);
			name = "Supporting Files";
			sourceTree = "<group>";
		};
		C32774281D7041110020ACA0 /* CYGuidanceView */ = {
			isa = PBXGroup;
			children = (
				C32774291D7041110020ACA0 /* CYGuidanceView.h */,
				C327742A1D7041110020ACA0 /* CYGuidanceView.m */,
				C327742B1D7041110020ACA0 /* GuideInfo.h */,
				C327742C1D7041110020ACA0 /* GuideInfo.m */,
			);
			path = CYGuidanceView;
			sourceTree = "<group>";
		};
/* End PBXGroup section */

/* Begin PBXNativeTarget section */
		C32774001D7028A40020ACA0 /* CYGuidanceView-master */ = {
			isa = PBXNativeTarget;
			buildConfigurationList = C32774181D7028A40020ACA0 /* Build configuration list for PBXNativeTarget "CYGuidanceView-master" */;
			buildPhases = (
				C32773FD1D7028A40020ACA0 /* Sources */,
				C32773FE1D7028A40020ACA0 /* Frameworks */,
				C32773FF1D7028A40020ACA0 /* Resources */,
			);
			buildRules = (
			);
			dependencies = (
			);
			name = "CYGuidanceView-master";
			productName = "CYGuidanceView-master";
			productReference = C32774011D7028A40020ACA0 /* CYGuidanceView-master.app */;
			productType = "com.apple.product-type.application";
		};
/* End PBXNativeTarget section */

/* Begin PBXProject section */
		C32773F91D7028A40020ACA0 /* Project object */ = {
			isa = PBXProject;
			attributes = {
				LastUpgradeCheck = 0730;
				ORGANIZATIONNAME = Gocy;
				TargetAttributes = {
					C32774001D7028A40020ACA0 = {
						CreatedOnToolsVersion = 7.3;
					};
				};
			};
			buildConfigurationList = C32773FC1D7028A40020ACA0 /* Build configuration list for PBXProject "CYGuidanceView-master" */;
			compatibilityVersion = "Xcode 3.2";
			developmentRegion = English;
			hasScannedForEncodings = 0;
			knownRegions = (
				en,
				Base,
			);
			mainGroup = C32773F81D7028A40020ACA0;
			productRefGroup = C32774021D7028A40020ACA0 /* Products */;
			projectDirPath = "";
			projectRoot = "";
			targets = (
				C32774001D7028A40020ACA0 /* CYGuidanceView-master */,
			);
		};
/* End PBXProject section */

/* Begin PBXResourcesBuildPhase section */
		C32773FF1D7028A40020ACA0 /* Resources */ = {
			isa = PBXResourcesBuildPhase;
			buildActionMask = 2147483647;
			files = (
				C32774141D7028A40020ACA0 /* LaunchScreen.storyboard in Resources */,
				C32774111D7028A40020ACA0 /* Assets.xcassets in Resources */,
				C327740F1D7028A40020ACA0 /* Main.storyboard in Resources */,
			);
			runOnlyForDeploymentPostprocessing = 0;
		};
/* End PBXResourcesBuildPhase section */

/* Begin PBXSourcesBuildPhase section */
		C32773FD1D7028A40020ACA0 /* Sources */ = {
			isa = PBXSourcesBuildPhase;
			buildActionMask = 2147483647;
			files = (
				C327740C1D7028A40020ACA0 /* ViewController.m in Sources */,
				C32774091D7028A40020ACA0 /* AppDelegate.m in Sources */,
				C327742D1D7041110020ACA0 /* CYGuidanceView.m in Sources */,
				C32774061D7028A40020ACA0 /* main.m in Sources */,
				C327742E1D7041110020ACA0 /* GuideInfo.m in Sources */,
			);
			runOnlyForDeploymentPostprocessing = 0;
		};
/* End PBXSourcesBuildPhase section */

/* Begin PBXVariantGroup section */
		C327740D1D7028A40020ACA0 /* Main.storyboard */ = {
			isa = PBXVariantGroup;
			children = (
				C327740E1D7028A40020ACA0 /* Base */,
			);
			name = Main.storyboard;
			sourceTree = "<group>";
		};
		C32774121D7028A40020ACA0 /* LaunchScreen.storyboard */ = {
			isa = PBXVariantGroup;
			children = (
				C32774131D7028A40020ACA0 /* Base */,
			);
			name = LaunchScreen.storyboard;
			sourceTree = "<group>";
		};
/* End PBXVariantGroup section */

/* Begin XCBuildConfiguration section */
		C32774161D7028A40020ACA0 /* Debug */ = {
			isa = XCBuildConfiguration;
			buildSettings = {
				ALWAYS_SEARCH_USER_PATHS = NO;
				CLANG_ANALYZER_NONNULL = YES;
				CLANG_CXX_LANGUAGE_STANDARD = "gnu++0x";
				CLANG_CXX_LIBRARY = "libc++";
				CLANG_ENABLE_MODULES = YES;
				CLANG_ENABLE_OBJC_ARC = YES;
				CLANG_WARN_BOOL_CONVERSION = YES;
				CLANG_WARN_CONSTANT_CONVERSION = YES;
				CLANG_WARN_DIRECT_OBJC_ISA_USAGE = YES_ERROR;
				CLANG_WARN_EMPTY_BODY = YES;
				CLANG_WARN_ENUM_CONVERSION = YES;
				CLANG_WARN_INT_CONVERSION = YES;
				CLANG_WARN_OBJC_ROOT_CLASS = YES_ERROR;
				CLANG_WARN_UNREACHABLE_CODE = YES;
				CLANG_WARN__DUPLICATE_METHOD_MATCH = YES;
				"CODE_SIGN_IDENTITY[sdk=iphoneos*]" = "iPhone Developer";
				COPY_PHASE_STRIP = NO;
				DEBUG_INFORMATION_FORMAT = dwarf;
				ENABLE_STRICT_OBJC_MSGSEND = YES;
				ENABLE_TESTABILITY = YES;
				GCC_C_LANGUAGE_STANDARD = gnu99;
				GCC_DYNAMIC_NO_PIC = NO;
				GCC_NO_COMMON_BLOCKS = YES;
				GCC_OPTIMIZATION_LEVEL = 0;
				GCC_PREPROCESSOR_DEFINITIONS = (
					"DEBUG=1",
					"$(inherited)",
				);
				GCC_WARN_64_TO_32_BIT_CONVERSION = YES;
				GCC_WARN_ABOUT_RETURN_TYPE = YES_ERROR;
				GCC_WARN_UNDECLARED_SELECTOR = YES;
				GCC_WARN_UNINITIALIZED_AUTOS = YES_AGGRESSIVE;
				GCC_WARN_UNUSED_FUNCTION = YES;
				GCC_WARN_UNUSED_VARIABLE = YES;
				IPHONEOS_DEPLOYMENT_TARGET = 9.3;
				MTL_ENABLE_DEBUG_INFO = YES;
				ONLY_ACTIVE_ARCH = YES;
				SDKROOT = iphoneos;
				TARGETED_DEVICE_FAMILY = "1,2";
			};
			name = Debug;
		};
		C32774171D7028A40020ACA0 /* Release */ = {
			isa = XCBuildConfiguration;
			buildSettings = {
				ALWAYS_SEARCH_USER_PATHS = NO;
				CLANG_ANALYZER_NONNULL = YES;
				CLANG_CXX_LANGUAGE_STANDARD = "gnu++0x";
				CLANG_CXX_LIBRARY = "libc++";
				CLANG_ENABLE_MODULES = YES;
				CLANG_ENABLE_OBJC_ARC = YES;
				CLANG_WARN_BOOL_CONVERSION = YES;
				CLANG_WARN_CONSTANT_CONVERSION = YES;
				CLANG_WARN_DIRECT_OBJC_ISA_USAGE = YES_ERROR;
				CLANG_WARN_EMPTY_BODY = YES;
				CLANG_WARN_ENUM_CONVERSION = YES;
				CLANG_WARN_INT_CONVERSION = YES;
				CLANG_WARN_OBJC_ROOT_CLASS = YES_ERROR;
				CLANG_WARN_UNREACHABLE_CODE = YES;
				CLANG_WARN__DUPLICATE_METHOD_MATCH = YES;
				"CODE_SIGN_IDENTITY[sdk=iphoneos*]" = "iPhone Developer";
				COPY_PHASE_STRIP = NO;
				DEBUG_INFORMATION_FORMAT = "dwarf-with-dsym";
				ENABLE_NS_ASSERTIONS = NO;
				ENABLE_STRICT_OBJC_MSGSEND = YES;
				GCC_C_LANGUAGE_STANDARD = gnu99;
				GCC_NO_COMMON_BLOCKS = YES;
				GCC_WARN_64_TO_32_BIT_CONVERSION = YES;
				GCC_WARN_ABOUT_RETURN_TYPE = YES_ERROR;
				GCC_WARN_UNDECLARED_SELECTOR = YES;
				GCC_WARN_UNINITIALIZED_AUTOS = YES_AGGRESSIVE;
				GCC_WARN_UNUSED_FUNCTION = YES;
				GCC_WARN_UNUSED_VARIABLE = YES;
				IPHONEOS_DEPLOYMENT_TARGET = 9.3;
				MTL_ENABLE_DEBUG_INFO = NO;
				SDKROOT = iphoneos;
				TARGETED_DEVICE_FAMILY = "1,2";
				VALIDATE_PRODUCT = YES;
			};
			name = Release;
		};
		C32774191D7028A40020ACA0 /* Debug */ = {
			isa = XCBuildConfiguration;
			buildSettings = {
				ASSETCATALOG_COMPILER_APPICON_NAME = AppIcon;
				INFOPLIST_FILE = "CYGuidanceView-master/Info.plist";
				IPHONEOS_DEPLOYMENT_TARGET = 9.0;
				LD_RUNPATH_SEARCH_PATHS = "$(inherited) @executable_path/Frameworks";
				PRODUCT_BUNDLE_IDENTIFIER = "com.gocy.CYGuidanceView-master";
				PRODUCT_NAME = "$(TARGET_NAME)";
			};
			name = Debug;
		};
		C327741A1D7028A40020ACA0 /* Release */ = {
			isa = XCBuildConfiguration;
			buildSettings = {
				ASSETCATALOG_COMPILER_APPICON_NAME = AppIcon;
				INFOPLIST_FILE = "CYGuidanceView-master/Info.plist";
				IPHONEOS_DEPLOYMENT_TARGET = 9.0;
				LD_RUNPATH_SEARCH_PATHS = "$(inherited) @executable_path/Frameworks";
				PRODUCT_BUNDLE_IDENTIFIER = "com.gocy.CYGuidanceView-master";
				PRODUCT_NAME = "$(TARGET_NAME)";
			};
			name = Release;
		};
/* End XCBuildConfiguration section */

/* Begin XCConfigurationList section */
		C32773FC1D7028A40020ACA0 /* Build configuration list for PBXProject "CYGuidanceView-master" */ = {
			isa = XCConfigurationList;
			buildConfigurations = (
				C32774161D7028A40020ACA0 /* Debug */,
				C32774171D7028A40020ACA0 /* Release */,
			);
			defaultConfigurationIsVisible = 0;
			defaultConfigurationName = Release;
		};
		C32774181D7028A40020ACA0 /* Build configuration list for PBXNativeTarget "CYGuidanceView-master" */ = {
			isa = XCConfigurationList;
			buildConfigurations = (
				C32774191D7028A40020ACA0 /* Debug */,
				C327741A1D7028A40020ACA0 /* Release */,
			);
			defaultConfigurationIsVisible = 0;
			defaultConfigurationName = Release;
		};
/* End XCConfigurationList section */
	};
	rootObject = C32773F91D7028A40020ACA0 /* Project object */;
}
